
Microsoft Visual Studio Solution File, Format Version 12.00
# Visual Studio 14
VisualStudioVersion = 14.0.24720.0
MinimumVisualStudioVersion = 10.0.40219.1
Project("{FAE04EC0-301F-11D3-BF4B-00C04F79EFBC}") = "SportsStore.Domain", "SportsStore.Domain\SportsStore.Domain.csproj", "{4CBDAC3E-6737-4204-B6D9-C18FF36E827F}"
EndProject
Project("{FAE04EC0-301F-11D3-BF4B-00C04F79EFBC}") = "SportsStore.WebUI", "SportsStore.WebUI\SportsStore.WebUI.csproj", "{6E50CE00-A607-4A24-8E87-F9B849D33868}"
EndProject
Project("{FAE04EC0-301F-11D3-BF4B-00C04F79EFBC}") = "SportsStore.UnitTests", "SportsStore.UnitTests\SportsStore.UnitTests.csproj", "{7D150739-DC0D-455A-B02A-7285C2069E70}"
EndProject
Global
	GlobalSection(SolutionConfigurationPlatforms) = preSolution
		Debug|Any CPU = Debug|Any CPU
		Release|Any CPU = Release|Any CPU
	EndGlobalSection
	GlobalSection(ProjectConfigurationPlatforms) = postSolution
		{4CBDAC3E-6737-4204-B6D9-C18FF36E827F}.Debug|Any CPU.ActiveCfg = Debug|Any CPU
		{4CBDAC3E-6737-4204-B6D9-C18FF36E827F}.Debug|Any CPU.Build.0 = Debug|Any CPU
		{4CBDAC3E-6737-4204-B6D9-C18FF36E827F}.Release|Any CPU.ActiveCfg = Release|Any CPU
		{4CBDAC3E-6737-4204-B6D9-C18FF36E827F}.Release|Any CPU.Build.0 = Release|Any CPU
		{6E50CE00-A607-4A24-8E87-F9B849D33868}.Debug|Any CPU.ActiveCfg = Debug|Any CPU
		{6E50CE00-A607-4A24-8E87-F9B849D33868}.Debug|Any CPU.Build.0 = Debug|Any CPU
		{6E50CE00-A607-4A24-8E87-F9B849D33868}.Release|Any CPU.ActiveCfg = Release|Any CPU
		{6E50CE00-A607-4A24-8E87-F9B849D33868}.Release|Any CPU.Build.0 = Release|Any CPU
		{7D150739-DC0D-455A-B02A-7285C2069E70}.Debug|Any CPU.ActiveCfg = Debug|Any CPU
		{7D150739-DC0D-455A-B02A-7285C2069E70}.Debug|Any CPU.Build.0 = Debug|Any CPU
		{7D150739-DC0D-455A-B02A-7285C2069E70}.Release|Any CPU.ActiveCfg = Release|Any CPU
		{7D150739-DC0D-455A-B02A-7285C2069E70}.Release|Any CPU.Build.0 = Release|Any CPU
	EndGlobalSection
	GlobalSection(SolutionProperties) = preSolution
		HideSolutionNode = FALSE
	EndGlobalSection
EndGlobal
